
Microsoft Visual Studio Solution File, Format Version 12.00
# Visual Studio 15
VisualStudioVersion = 15.0.27130.2027
MinimumVisualStudioVersion = 10.0.40219.1
Project("{FAE04EC0-301F-11D3-BF4B-00C04F79EFBC}") = "MunchkinUWP", "MunchkinUWP\MunchkinUWP.csproj", "{8C77FF4B-4908-4E54-8339-6F9F507A9D67}"
EndProject
Project("{D954291E-2A0B-460D-934E-DC6B0785DB48}") = "CodeUwp", "..\TLIB\CodeUwp\CodeUwp.shproj", "{EC6F9FDF-F9C2-46E2-B5FC-937CA2A239ED}"
EndProject
Global
	GlobalSection(SharedMSBuildProjectFiles) = preSolution
		..\TLIB\CodeUwp\CodeUwp.projitems*{8c77ff4b-4908-4e54-8339-6f9f507a9d67}*SharedItemsImports = 4
		..\TLIB\CodeUwp\CodeUwp.projitems*{ec6f9fdf-f9c2-46e2-b5fc-937ca2a239ed}*SharedItemsImports = 13
	EndGlobalSection
	GlobalSection(SolutionConfigurationPlatforms) = preSolution
		Debug|ARM = Debug|ARM
		Debug|x64 = Debug|x64
		Debug|x86 = Debug|x86
		Release|ARM = Release|ARM
		Release|x64 = Release|x64
		Release|x86 = Release|x86
	EndGlobalSection
	GlobalSection(ProjectConfigurationPlatforms) = postSolution
		{8C77FF4B-4908-4E54-8339-6F9F507A9D67}.Debug|ARM.ActiveCfg = Debug|ARM
		{8C77FF4B-4908-4E54-8339-6F9F507A9D67}.Debug|ARM.Build.0 = Debug|ARM
		{8C77FF4B-4908-4E54-8339-6F9F507A9D67}.Debug|ARM.Deploy.0 = Debug|ARM
		{8C77FF4B-4908-4E54-8339-6F9F507A9D67}.Debug|x64.ActiveCfg = Debug|x64
		{8C77FF4B-4908-4E54-8339-6F9F507A9D67}.Debug|x64.Build.0 = Debug|x64
		{8C77FF4B-4908-4E54-8339-6F9F507A9D67}.Debug|x64.Deploy.0 = Debug|x64
		{8C77FF4B-4908-4E54-8339-6F9F507A9D67}.Debug|x86.ActiveCfg = Debug|x86
		{8C77FF4B-4908-4E54-8339-6F9F507A9D67}.Debug|x86.Build.0 = Debug|x86
		{8C77FF4B-4908-4E54-8339-6F9F507A9D67}.Debug|x86.Deploy.0 = Debug|x86
		{8C77FF4B-4908-4E54-8339-6F9F507A9D67}.Release|ARM.ActiveCfg = Release|ARM
		{8C77FF4B-4908-4E54-8339-6F9F507A9D67}.Release|ARM.Build.0 = Release|ARM
		{8C77FF4B-4908-4E54-8339-6F9F507A9D67}.Release|ARM.Deploy.0 = Release|ARM
		{8C77FF4B-4908-4E54-8339-6F9F507A9D67}.Release|x64.ActiveCfg = Release|x64
		{8C77FF4B-4908-4E54-8339-6F9F507A9D67}.Release|x64.Build.0 = Release|x64
		{8C77FF4B-4908-4E54-8339-6F9F507A9D67}.Release|x64.Deploy.0 = Release|x64
		{8C77FF4B-4908-4E54-8339-6F9F507A9D67}.Release|x86.ActiveCfg = Release|x86
		{8C77FF4B-4908-4E54-8339-6F9F507A9D67}.Release|x86.Build.0 = Release|x86
		{8C77FF4B-4908-4E54-8339-6F9F507A9D67}.Release|x86.Deploy.0 = Release|x86
	EndGlobalSection
	GlobalSection(SolutionProperties) = preSolution
		HideSolutionNode = FALSE
	EndGlobalSection
	GlobalSection(ExtensibilityGlobals) = postSolution
		SolutionGuid = {C561AD3B-8C6F-439C-923A-E0361D84D7C4}
	EndGlobalSection
EndGlobal
